// !$*UTF8*$!
{
	archiveVersion = 1;
	classes = {
	};
	objectVersion = 50;
	objects = {

/* Begin PBXBuildFile section */
		B87AC2F42641C42E00C0EF19 /* OECulminatingApp.swift in Sources */ = {isa = PBXBuildFile; fileRef = B87AC2F32641C42E00C0EF19 /* OECulminatingApp.swift */; };
		B87AC2F62641C42E00C0EF19 /* ContentView.swift in Sources */ = {isa = PBXBuildFile; fileRef = B87AC2F52641C42E00C0EF19 /* ContentView.swift */; };
		B87AC2F82641C43300C0EF19 /* Assets.xcassets in Resources */ = {isa = PBXBuildFile; fileRef = B87AC2F72641C43300C0EF19 /* Assets.xcassets */; };
		B87AC2FB2641C43300C0EF19 /* Preview Assets.xcassets in Resources */ = {isa = PBXBuildFile; fileRef = B87AC2FA2641C43300C0EF19 /* Preview Assets.xcassets */; };
		B87AC3042641CA9B00C0EF19 /* Causes.swift in Sources */ = {isa = PBXBuildFile; fileRef = B87AC3032641CA9B00C0EF19 /* Causes.swift */; };
		B87AC30D2641D03700C0EF19 /* howtornadoeswereregarded.swift in Sources */ = {isa = PBXBuildFile; fileRef = B87AC30C2641D03700C0EF19 /* howtornadoeswereregarded.swift */; };
		B87AC31226438BF100C0EF19 /* other.swift in Sources */ = {isa = PBXBuildFile; fileRef = B87AC31126438BF100C0EF19 /* other.swift */; };
		B87AC31826438C4300C0EF19 /* EconomicImpacts.swift in Sources */ = {isa = PBXBuildFile; fileRef = B87AC31726438C4300C0EF19 /* EconomicImpacts.swift */; };
		B87AC31C26438C6500C0EF19 /* HumanImpacts.swift in Sources */ = {isa = PBXBuildFile; fileRef = B87AC31B26438C6500C0EF19 /* HumanImpacts.swift */; };
		B87AC3212644C8D600C0EF19 /* sources.swift in Sources */ = {isa = PBXBuildFile; fileRef = B87AC3202644C8D500C0EF19 /* sources.swift */; };
		B87AC3252648DF6B00C0EF19 /* tornado.swift in Sources */ = {isa = PBXBuildFile; fileRef = B87AC3242648DF6B00C0EF19 /* tornado.swift */; };
		B87AC32B2649627000C0EF19 /* costBenefit.swift in Sources */ = {isa = PBXBuildFile; fileRef = B87AC32A2649627000C0EF19 /* costBenefit.swift */; };
/* End PBXBuildFile section */

/* Begin PBXFileReference section */
		B87AC2F02641C42E00C0EF19 /* OECulminating.app */ = {isa = PBXFileReference; explicitFileType = wrapper.application; includeInIndex = 0; path = OECulminating.app; sourceTree = BUILT_PRODUCTS_DIR; };
		B87AC2F32641C42E00C0EF19 /* OECulminatingApp.swift */ = {isa = PBXFileReference; lastKnownFileType = sourcecode.swift; path = OECulminatingApp.swift; sourceTree = "<group>"; };
		B87AC2F52641C42E00C0EF19 /* ContentView.swift */ = {isa = PBXFileReference; lastKnownFileType = sourcecode.swift; path = ContentView.swift; sourceTree = "<group>"; };
		B87AC2F72641C43300C0EF19 /* Assets.xcassets */ = {isa = PBXFileReference; lastKnownFileType = folder.assetcatalog; path = Assets.xcassets; sourceTree = "<group>"; };
		B87AC2FA2641C43300C0EF19 /* Preview Assets.xcassets */ = {isa = PBXFileReference; lastKnownFileType = folder.assetcatalog; path = "Preview Assets.xcassets"; sourceTree = "<group>"; };
		B87AC2FC2641C43300C0EF19 /* Info.plist */ = {isa = PBXFileReference; lastKnownFileType = text.plist.xml; path = Info.plist; sourceTree = "<group>"; };
		B87AC3032641CA9B00C0EF19 /* Causes.swift */ = {isa = PBXFileReference; lastKnownFileType = sourcecode.swift; path = Causes.swift; sourceTree = "<group>"; };
		B87AC30C2641D03700C0EF19 /* howtornadoeswereregarded.swift */ = {isa = PBXFileReference; lastKnownFileType = sourcecode.swift; path = howtornadoeswereregarded.swift; sourceTree = "<group>"; };
		B87AC31126438BF100C0EF19 /* other.swift */ = {isa = PBXFileReference; lastKnownFileType = sourcecode.swift; path = other.swift; sourceTree = "<group>"; };
		B87AC31726438C4300C0EF19 /* EconomicImpacts.swift */ = {isa = PBXFileReference; lastKnownFileType = sourcecode.swift; path = EconomicImpacts.swift; sourceTree = "<group>"; };
		B87AC31B26438C6500C0EF19 /* HumanImpacts.swift */ = {isa = PBXFileReference; lastKnownFileType = sourcecode.swift; path = HumanImpacts.swift; sourceTree = "<group>"; };
		B87AC3202644C8D500C0EF19 /* sources.swift */ = {isa = PBXFileReference; lastKnownFileType = sourcecode.swift; path = sources.swift; sourceTree = "<group>"; };
		B87AC3242648DF6B00C0EF19 /* tornado.swift */ = {isa = PBXFileReference; lastKnownFileType = sourcecode.swift; path = tornado.swift; sourceTree = "<group>"; };
		B87AC32A2649627000C0EF19 /* costBenefit.swift */ = {isa = PBXFileReference; lastKnownFileType = sourcecode.swift; path = costBenefit.swift; sourceTree = "<group>"; };
/* End PBXFileReference section */

/* Begin PBXFrameworksBuildPhase section */
		B87AC2ED2641C42D00C0EF19 /* Frameworks */ = {
			isa = PBXFrameworksBuildPhase;
			buildActionMask = 2147483647;
			files = (
			);
			runOnlyForDeploymentPostprocessing = 0;
		};
/* End PBXFrameworksBuildPhase section */

/* Begin PBXGroup section */
		B87AC2E72641C42D00C0EF19 = {
			isa = PBXGroup;
			children = (
				B87AC2F22641C42E00C0EF19 /* OECulminating */,
				B87AC2F12641C42E00C0EF19 /* Products */,
			);
			sourceTree = "<group>";
		};
		B87AC2F12641C42E00C0EF19 /* Products */ = {
			isa = PBXGroup;
			children = (
				B87AC2F02641C42E00C0EF19 /* OECulminating.app */,
			);
			name = Products;
			sourceTree = "<group>";
		};
		B87AC2F22641C42E00C0EF19 /* OECulminating */ = {
			isa = PBXGroup;
			children = (
				B87AC2F32641C42E00C0EF19 /* OECulminatingApp.swift */,
				B87AC2F52641C42E00C0EF19 /* ContentView.swift */,
				B87AC2F72641C43300C0EF19 /* Assets.xcassets */,
				B87AC2FC2641C43300C0EF19 /* Info.plist */,
				B87AC3062641CD2500C0EF19 /* Views */,
				B87AC3032641CA9B00C0EF19 /* Causes.swift */,
				B87AC31126438BF100C0EF19 /* other.swift */,
				B87AC3202644C8D500C0EF19 /* sources.swift */,
				B87AC2F92641C43300C0EF19 /* Preview Content */,
			);
			path = OECulminating;
			sourceTree = "<group>";
		};
		B87AC2F92641C43300C0EF19 /* Preview Content */ = {
			isa = PBXGroup;
			children = (
				B87AC2FA2641C43300C0EF19 /* Preview Assets.xcassets */,
			);
			path = "Preview Content";
			sourceTree = "<group>";
		};
		B87AC3062641CD2500C0EF19 /* Views */ = {
			isa = PBXGroup;
			children = (
				B87AC30C2641D03700C0EF19 /* howtornadoeswereregarded.swift */,
				B87AC31726438C4300C0EF19 /* EconomicImpacts.swift */,
				B87AC31B26438C6500C0EF19 /* HumanImpacts.swift */,
				B87AC3242648DF6B00C0EF19 /* tornado.swift */,
				B87AC32A2649627000C0EF19 /* costBenefit.swift */,
			);
			path = Views;
			sourceTree = "<group>";
		};
/* End PBXGroup section */

/* Begin PBXNativeTarget section */
		B87AC2EF2641C42D00C0EF19 /* OECulminating */ = {
			isa = PBXNativeTarget;
			buildConfigurationList = B87AC2FF2641C43300C0EF19 /* Build configuration list for PBXNativeTarget "OECulminating" */;
			buildPhases = (
				B87AC2EC2641C42D00C0EF19 /* Sources */,
				B87AC2ED2641C42D00C0EF19 /* Frameworks */,
				B87AC2EE2641C42D00C0EF19 /* Resources */,
			);
			buildRules = (
			);
			dependencies = (
			);
			name = OECulminating;
			productName = OECulminating;
			productReference = B87AC2F02641C42E00C0EF19 /* OECulminating.app */;
			productType = "com.apple.product-type.application";
		};
/* End PBXNativeTarget section */

/* Begin PBXProject section */
		B87AC2E82641C42D00C0EF19 /* Project object */ = {
			isa = PBXProject;
			attributes = {
				LastSwiftUpdateCheck = 1230;
				LastUpgradeCheck = 1230;
				TargetAttributes = {
					B87AC2EF2641C42D00C0EF19 = {
						CreatedOnToolsVersion = 12.3;
					};
				};
			};
			buildConfigurationList = B87AC2EB2641C42D00C0EF19 /* Build configuration list for PBXProject "OECulminating" */;
			compatibilityVersion = "Xcode 9.3";
			developmentRegion = en;
			hasScannedForEncodings = 0;
			knownRegions = (
				en,
				Base,
			);
			mainGroup = B87AC2E72641C42D00C0EF19;
			productRefGroup = B87AC2F12641C42E00C0EF19 /* Products */;
			projectDirPath = "";
			projectRoot = "";
			targets = (
				B87AC2EF2641C42D00C0EF19 /* OECulminating */,
			);
		};
/* End PBXProject section */

/* Begin PBXResourcesBuildPhase section */
		B87AC2EE2641C42D00C0EF19 /* Resources */ = {
			isa = PBXResourcesBuildPhase;
			buildActionMask = 2147483647;
			files = (
				B87AC2FB2641C43300C0EF19 /* Preview Assets.xcassets in Resources */,
				B87AC2F82641C43300C0EF19 /* Assets.xcassets in Resources */,
			);
			runOnlyForDeploymentPostprocessing = 0;
		};
/* End PBXResourcesBuildPhase section */

/* Begin PBXSourcesBuildPhase section */
		B87AC2EC2641C42D00C0EF19 /* Sources */ = {
			isa = PBXSourcesBuildPhase;
			buildActionMask = 2147483647;
			files = (
				B87AC32B2649627000C0EF19 /* costBenefit.swift in Sources */,
				B87AC31C26438C6500C0EF19 /* HumanImpacts.swift in Sources */,
				B87AC2F62641C42E00C0EF19 /* ContentView.swift in Sources */,
				B87AC2F42641C42E00C0EF19 /* OECulminatingApp.swift in Sources */,
				B87AC3042641CA9B00C0EF19 /* Causes.swift in Sources */,
				B87AC3212644C8D600C0EF19 /* sources.swift in Sources */,
				B87AC31226438BF100C0EF19 /* other.swift in Sources */,
				B87AC31826438C4300C0EF19 /* EconomicImpacts.swift in Sources */,
				B87AC30D2641D03700C0EF19 /* howtornadoeswereregarded.swift in Sources */,
				B87AC3252648DF6B00C0EF19 /* tornado.swift in Sources */,
			);
			runOnlyForDeploymentPostprocessing = 0;
		};
/* End PBXSourcesBuildPhase section */

/* Begin XCBuildConfiguration section */
		B87AC2FD2641C43300C0EF19 /* Debug */ = {
			isa = XCBuildConfiguration;
			buildSettings = {
				ALWAYS_SEARCH_USER_PATHS = NO;
				CLANG_ANALYZER_NONNULL = YES;
				CLANG_ANALYZER_NUMBER_OBJECT_CONVERSION = YES_AGGRESSIVE;
				CLANG_CXX_LANGUAGE_STANDARD = "gnu++14";
				CLANG_CXX_LIBRARY = "libc++";
				CLANG_ENABLE_MODULES = YES;
				CLANG_ENABLE_OBJC_ARC = YES;
				CLANG_ENABLE_OBJC_WEAK = YES;
				CLANG_WARN_BLOCK_CAPTURE_AUTORELEASING = YES;
				CLANG_WARN_BOOL_CONVERSION = YES;
				CLANG_WARN_COMMA = YES;
				CLANG_WARN_CONSTANT_CONVERSION = YES;
				CLANG_WARN_DEPRECATED_OBJC_IMPLEMENTATIONS = YES;
				CLANG_WARN_DIRECT_OBJC_ISA_USAGE = YES_ERROR;
				CLANG_WARN_DOCUMENTATION_COMMENTS = YES;
				CLANG_WARN_EMPTY_BODY = YES;
				CLANG_WARN_ENUM_CONVERSION = YES;
				CLANG_WARN_INFINITE_RECURSION = YES;
				CLANG_WARN_INT_CONVERSION = YES;
				CLANG_WARN_NON_LITERAL_NULL_CONVERSION = YES;
				CLANG_WARN_OBJC_IMPLICIT_RETAIN_SELF = YES;
				CLANG_WARN_OBJC_LITERAL_CONVERSION = YES;
				CLANG_WARN_OBJC_ROOT_CLASS = YES_ERROR;
				CLANG_WARN_QUOTED_INCLUDE_IN_FRAMEWORK_HEADER = YES;
				CLANG_WARN_RANGE_LOOP_ANALYSIS = YES;
				CLANG_WARN_STRICT_PROTOTYPES = YES;
				CLANG_WARN_SUSPICIOUS_MOVE = YES;
				CLANG_WARN_UNGUARDED_AVAILABILITY = YES_AGGRESSIVE;
				CLANG_WARN_UNREACHABLE_CODE = YES;
				CLANG_WARN__DUPLICATE_METHOD_MATCH = YES;
				COPY_PHASE_STRIP = NO;
				DEBUG_INFORMATION_FORMAT = dwarf;
				ENABLE_STRICT_OBJC_MSGSEND = YES;
				ENABLE_TESTABILITY = YES;
				GCC_C_LANGUAGE_STANDARD = gnu11;
				GCC_DYNAMIC_NO_PIC = NO;
				GCC_NO_COMMON_BLOCKS = YES;
				GCC_OPTIMIZATION_LEVEL = 0;
				GCC_PREPROCESSOR_DEFINITIONS = (
					"DEBUG=1",
					"$(inherited)",
				);
				GCC_WARN_64_TO_32_BIT_CONVERSION = YES;
				GCC_WARN_ABOUT_RETURN_TYPE = YES_ERROR;
				GCC_WARN_UNDECLARED_SELECTOR = YES;
				GCC_WARN_UNINITIALIZED_AUTOS = YES_AGGRESSIVE;
				GCC_WARN_UNUSED_FUNCTION = YES;
				GCC_WARN_UNUSED_VARIABLE = YES;
				IPHONEOS_DEPLOYMENT_TARGET = 14.3;
				MTL_ENABLE_DEBUG_INFO = INCLUDE_SOURCE;
				MTL_FAST_MATH = YES;
				ONLY_ACTIVE_ARCH = YES;
				SDKROOT = iphoneos;
				SWIFT_ACTIVE_COMPILATION_CONDITIONS = DEBUG;
				SWIFT_OPTIMIZATION_LEVEL = "-Onone";
			};
			name = Debug;
		};
		B87AC2FE2641C43300C0EF19 /* Release */ = {
			isa = XCBuildConfiguration;
			buildSettings = {
				ALWAYS_SEARCH_USER_PATHS = NO;
				CLANG_ANALYZER_NONNULL = YES;
				CLANG_ANALYZER_NUMBER_OBJECT_CONVERSION = YES_AGGRESSIVE;
				CLANG_CXX_LANGUAGE_STANDARD = "gnu++14";
				CLANG_CXX_LIBRARY = "libc++";
				CLANG_ENABLE_MODULES = YES;
				CLANG_ENABLE_OBJC_ARC = YES;
				CLANG_ENABLE_OBJC_WEAK = YES;
				CLANG_WARN_BLOCK_CAPTURE_AUTORELEASING = YES;
				CLANG_WARN_BOOL_CONVERSION = YES;
				CLANG_WARN_COMMA = YES;
				CLANG_WARN_CONSTANT_CONVERSION = YES;
				CLANG_WARN_DEPRECATED_OBJC_IMPLEMENTATIONS = YES;
				CLANG_WARN_DIRECT_OBJC_ISA_USAGE = YES_ERROR;
				CLANG_WARN_DOCUMENTATION_COMMENTS = YES;
				CLANG_WARN_EMPTY_BODY = YES;
				CLANG_WARN_ENUM_CONVERSION = YES;
				CLANG_WARN_INFINITE_RECURSION = YES;
				CLANG_WARN_INT_CONVERSION = YES;
				CLANG_WARN_NON_LITERAL_NULL_CONVERSION = YES;
				CLANG_WARN_OBJC_IMPLICIT_RETAIN_SELF = YES;
				CLANG_WARN_OBJC_LITERAL_CONVERSION = YES;
				CLANG_WARN_OBJC_ROOT_CLASS = YES_ERROR;
				CLANG_WARN_QUOTED_INCLUDE_IN_FRAMEWORK_HEADER = YES;
				CLANG_WARN_RANGE_LOOP_ANALYSIS = YES;
				CLANG_WARN_STRICT_PROTOTYPES = YES;
				CLANG_WARN_SUSPICIOUS_MOVE = YES;
				CLANG_WARN_UNGUARDED_AVAILABILITY = YES_AGGRESSIVE;
				CLANG_WARN_UNREACHABLE_CODE = YES;
				CLANG_WARN__DUPLICATE_METHOD_MATCH = YES;
				COPY_PHASE_STRIP = NO;
				DEBUG_INFORMATION_FORMAT = "dwarf-with-dsym";
				ENABLE_NS_ASSERTIONS = NO;
				ENABLE_STRICT_OBJC_MSGSEND = YES;
				GCC_C_LANGUAGE_STANDARD = gnu11;
				GCC_NO_COMMON_BLOCKS = YES;
				GCC_WARN_64_TO_32_BIT_CONVERSION = YES;
				GCC_WARN_ABOUT_RETURN_TYPE = YES_ERROR;
				GCC_WARN_UNDECLARED_SELECTOR = YES;
				GCC_WARN_UNINITIALIZED_AUTOS = YES_AGGRESSIVE;
				GCC_WARN_UNUSED_FUNCTION = YES;
				GCC_WARN_UNUSED_VARIABLE = YES;
				IPHONEOS_DEPLOYMENT_TARGET = 14.3;
				MTL_ENABLE_DEBUG_INFO = NO;
				MTL_FAST_MATH = YES;
				SDKROOT = iphoneos;
				SWIFT_COMPILATION_MODE = wholemodule;
				SWIFT_OPTIMIZATION_LEVEL = "-O";
				VALIDATE_PRODUCT = YES;
			};
			name = Release;
		};
		B87AC3002641C43300C0EF19 /* Debug */ = {
			isa = XCBuildConfiguration;
			buildSettings = {
				ASSETCATALOG_COMPILER_APPICON_NAME = AppIcon;
				ASSETCATALOG_COMPILER_GLOBAL_ACCENT_COLOR_NAME = AccentColor;
				CODE_SIGN_STYLE = Automatic;
				DEVELOPMENT_ASSET_PATHS = "\"OECulminating/Preview Content\"";
				DEVELOPMENT_TEAM = NC56L7S8F6;
				ENABLE_PREVIEWS = YES;
				INFOPLIST_FILE = OECulminating/Info.plist;
				IPHONEOS_DEPLOYMENT_TARGET = 14.0;
				LD_RUNPATH_SEARCH_PATHS = (
					"$(inherited)",
					"@executable_path/Frameworks",
				);
				PRODUCT_BUNDLE_IDENTIFIER = ca.evanarmstrong.OECulminating;
				PRODUCT_NAME = "$(TARGET_NAME)";
				SWIFT_VERSION = 5.0;
				TARGETED_DEVICE_FAMILY = "1,2";
			};
			name = Debug;
		};
		B87AC3012641C43300C0EF19 /* Release */ = {
			isa = XCBuildConfiguration;
			buildSettings = {
				ASSETCATALOG_COMPILER_APPICON_NAME = AppIcon;
				ASSETCATALOG_COMPILER_GLOBAL_ACCENT_COLOR_NAME = AccentColor;
				CODE_SIGN_STYLE = Automatic;
				DEVELOPMENT_ASSET_PATHS = "\"OECulminating/Preview Content\"";
				DEVELOPMENT_TEAM = NC56L7S8F6;
				ENABLE_PREVIEWS = YES;
				INFOPLIST_FILE = OECulminating/Info.plist;
				IPHONEOS_DEPLOYMENT_TARGET = 14.0;
				LD_RUNPATH_SEARCH_PATHS = (
					"$(inherited)",
					"@executable_path/Frameworks",
				);
				PRODUCT_BUNDLE_IDENTIFIER = ca.evanarmstrong.OECulminating;
				PRODUCT_NAME = "$(TARGET_NAME)";
				SWIFT_VERSION = 5.0;
				TARGETED_DEVICE_FAMILY = "1,2";
			};
			name = Release;
		};
/* End XCBuildConfiguration section */

/* Begin XCConfigurationList section */
		B87AC2EB2641C42D00C0EF19 /* Build configuration list for PBXProject "OECulminating" */ = {
			isa = XCConfigurationList;
			buildConfigurations = (
				B87AC2FD2641C43300C0EF19 /* Debug */,
				B87AC2FE2641C43300C0EF19 /* Release */,
			);
			defaultConfigurationIsVisible = 0;
			defaultConfigurationName = Release;
		};
		B87AC2FF2641C43300C0EF19 /* Build configuration list for PBXNativeTarget "OECulminating" */ = {
			isa = XCConfigurationList;
			buildConfigurations = (
				B87AC3002641C43300C0EF19 /* Debug */,
				B87AC3012641C43300C0EF19 /* Release */,
			);
			defaultConfigurationIsVisible = 0;
			defaultConfigurationName = Release;
		};
/* End XCConfigurationList section */
	};
	rootObject = B87AC2E82641C42D00C0EF19 /* Project object */;
}
